
Microsoft Visual Studio Solution File, Format Version 12.00
# Visual Studio Version 16
VisualStudioVersion = 16.0.30223.230
MinimumVisualStudioVersion = 10.0.40219.1
Project("{8BC9CEB8-8B4A-11D0-8D11-00A0C91BC942}") = "LearningOpenGL", "LearningOpenGL.vcxproj", "{AB83EAAF-1A68-4200-94EC-BC676F660454}"
EndProject
Global
	GlobalSection(SolutionConfigurationPlatforms) = preSolution
		Debug|x64 = Debug|x64
		Debug|x86 = Debug|x86
		Release|x64 = Release|x64
		Release|x86 = Release|x86
	EndGlobalSection
	GlobalSection(ProjectConfigurationPlatforms) = postSolution
		{AB83EAAF-1A68-4200-94EC-BC676F660454}.Debug|x64.ActiveCfg = Debug|x64
		{AB83EAAF-1A68-4200-94EC-BC676F660454}.Debug|x64.Build.0 = Debug|x64
		{AB83EAAF-1A68-4200-94EC-BC676F660454}.Debug|x86.ActiveCfg = Debug|Win32
		{AB83EAAF-1A68-4200-94EC-BC676F660454}.Debug|x86.Build.0 = Debug|Win32
		{AB83EAAF-1A68-4200-94EC-BC676F660454}.Release|x64.ActiveCfg = Release|x64
		{AB83EAAF-1A68-4200-94EC-BC676F660454}.Release|x64.Build.0 = Release|x64
		{AB83EAAF-1A68-4200-94EC-BC676F660454}.Release|x86.ActiveCfg = Release|Win32
		{AB83EAAF-1A68-4200-94EC-BC676F660454}.Release|x86.Build.0 = Release|Win32
	EndGlobalSection
	GlobalSection(SolutionProperties) = preSolution
		HideSolutionNode = FALSE
	EndGlobalSection
	GlobalSection(ExtensibilityGlobals) = postSolution
		SolutionGuid = {FE5867F9-715B-453F-B922-881B2DA6D196}
	EndGlobalSection
EndGlobal
